
Microsoft Visual Studio Solution File, Format Version 12.00
# Visual Studio Version 17
VisualStudioVersion = 17.1.32328.378
MinimumVisualStudioVersion = 10.0.40219.1
Project("{9A19103F-16F7-4668-BE54-9A1E7A4F7556}") = "WebTimTro", "WebTimTro\WebTimTro.csproj", "{6F7A6562-5A90-41CB-A8D7-2505CCAA5B4D}"
EndProject
Project("{9A19103F-16F7-4668-BE54-9A1E7A4F7556}") = "RecommendingMLModel_ConsoleApp", "RecommendingMLModel_ConsoleApp\RecommendingMLModel_ConsoleApp.csproj", "{6E4AFE85-9486-42BA-BB2A-2035E8C582F0}"
EndProject
Global
	GlobalSection(SolutionConfigurationPlatforms) = preSolution
		Debug|Any CPU = Debug|Any CPU
		Release|Any CPU = Release|Any CPU
	EndGlobalSection
	GlobalSection(ProjectConfigurationPlatforms) = postSolution
		{6F7A6562-5A90-41CB-A8D7-2505CCAA5B4D}.Debug|Any CPU.ActiveCfg = Debug|Any CPU
		{6F7A6562-5A90-41CB-A8D7-2505CCAA5B4D}.Debug|Any CPU.Build.0 = Debug|Any CPU
		{6F7A6562-5A90-41CB-A8D7-2505CCAA5B4D}.Release|Any CPU.ActiveCfg = Release|Any CPU
		{6F7A6562-5A90-41CB-A8D7-2505CCAA5B4D}.Release|Any CPU.Build.0 = Release|Any CPU
		{6E4AFE85-9486-42BA-BB2A-2035E8C582F0}.Debug|Any CPU.ActiveCfg = Debug|Any CPU
		{6E4AFE85-9486-42BA-BB2A-2035E8C582F0}.Debug|Any CPU.Build.0 = Debug|Any CPU
		{6E4AFE85-9486-42BA-BB2A-2035E8C582F0}.Release|Any CPU.ActiveCfg = Release|Any CPU
		{6E4AFE85-9486-42BA-BB2A-2035E8C582F0}.Release|Any CPU.Build.0 = Release|Any CPU
	EndGlobalSection
	GlobalSection(SolutionProperties) = preSolution
		HideSolutionNode = FALSE
	EndGlobalSection
	GlobalSection(ExtensibilityGlobals) = postSolution
		SolutionGuid = {3AD34B48-CEF2-4FA4-BA37-E542C2ACE097}
	EndGlobalSection
EndGlobal
